// !$*UTF8*$!
{
	archiveVersion = 1;
	classes = {
	};
	objectVersion = 56;
	objects = {

/* Begin PBXBuildFile section */
		D10E693D2A66B74B00ECD98B /* AppDelegate.swift in Sources */ = {isa = PBXBuildFile; fileRef = D10E693C2A66B74B00ECD98B /* AppDelegate.swift */; };
		D10E693F2A66B74B00ECD98B /* SceneDelegate.swift in Sources */ = {isa = PBXBuildFile; fileRef = D10E693E2A66B74B00ECD98B /* SceneDelegate.swift */; };
		D10E69412A66B74B00ECD98B /* LoginController.swift in Sources */ = {isa = PBXBuildFile; fileRef = D10E69402A66B74B00ECD98B /* LoginController.swift */; };
		D10E69462A66B74C00ECD98B /* Assets.xcassets in Resources */ = {isa = PBXBuildFile; fileRef = D10E69452A66B74C00ECD98B /* Assets.xcassets */; };
		D10E69492A66B74C00ECD98B /* LaunchScreen.storyboard in Resources */ = {isa = PBXBuildFile; fileRef = D10E69472A66B74C00ECD98B /* LaunchScreen.storyboard */; };
		D10E695C2A66C27400ECD98B /* UserAccount.swift in Sources */ = {isa = PBXBuildFile; fileRef = D10E695B2A66C27400ECD98B /* UserAccount.swift */; };
		D10E695F2A66C52B00ECD98B /* ViewModel.swift in Sources */ = {isa = PBXBuildFile; fileRef = D10E695E2A66C52B00ECD98B /* ViewModel.swift */; };
		D10E69632A66C64A00ECD98B /* Dynamic.swift in Sources */ = {isa = PBXBuildFile; fileRef = D10E69622A66C64A00ECD98B /* Dynamic.swift */; };
/* End PBXBuildFile section */

/* Begin PBXFileReference section */
		D10E69392A66B74B00ECD98B /* Authorization screen.app */ = {isa = PBXFileReference; explicitFileType = wrapper.application; includeInIndex = 0; path = "Authorization screen.app"; sourceTree = BUILT_PRODUCTS_DIR; };
		D10E693C2A66B74B00ECD98B /* AppDelegate.swift */ = {isa = PBXFileReference; lastKnownFileType = sourcecode.swift; path = AppDelegate.swift; sourceTree = "<group>"; };
		D10E693E2A66B74B00ECD98B /* SceneDelegate.swift */ = {isa = PBXFileReference; lastKnownFileType = sourcecode.swift; path = SceneDelegate.swift; sourceTree = "<group>"; };
		D10E69402A66B74B00ECD98B /* LoginController.swift */ = {isa = PBXFileReference; lastKnownFileType = sourcecode.swift; path = LoginController.swift; sourceTree = "<group>"; };
		D10E69452A66B74C00ECD98B /* Assets.xcassets */ = {isa = PBXFileReference; lastKnownFileType = folder.assetcatalog; path = Assets.xcassets; sourceTree = "<group>"; };
		D10E69482A66B74C00ECD98B /* Base */ = {isa = PBXFileReference; lastKnownFileType = file.storyboard; name = Base; path = Base.lproj/LaunchScreen.storyboard; sourceTree = "<group>"; };
		D10E694A2A66B74C00ECD98B /* Info.plist */ = {isa = PBXFileReference; lastKnownFileType = text.plist.xml; path = Info.plist; sourceTree = "<group>"; };
		D10E695B2A66C27400ECD98B /* UserAccount.swift */ = {isa = PBXFileReference; lastKnownFileType = sourcecode.swift; path = UserAccount.swift; sourceTree = "<group>"; };
		D10E695E2A66C52B00ECD98B /* ViewModel.swift */ = {isa = PBXFileReference; lastKnownFileType = sourcecode.swift; path = ViewModel.swift; sourceTree = "<group>"; };
		D10E69622A66C64A00ECD98B /* Dynamic.swift */ = {isa = PBXFileReference; lastKnownFileType = sourcecode.swift; path = Dynamic.swift; sourceTree = "<group>"; };
/* End PBXFileReference section */

/* Begin PBXFrameworksBuildPhase section */
		D10E69362A66B74B00ECD98B /* Frameworks */ = {
			isa = PBXFrameworksBuildPhase;
			buildActionMask = 2147483647;
			files = (
			);
			runOnlyForDeploymentPostprocessing = 0;
		};
/* End PBXFrameworksBuildPhase section */

/* Begin PBXGroup section */
		D10E69302A66B74B00ECD98B = {
			isa = PBXGroup;
			children = (
				D10E693B2A66B74B00ECD98B /* Authorization screen */,
				D10E693A2A66B74B00ECD98B /* Products */,
			);
			sourceTree = "<group>";
		};
		D10E693A2A66B74B00ECD98B /* Products */ = {
			isa = PBXGroup;
			children = (
				D10E69392A66B74B00ECD98B /* Authorization screen.app */,
			);
			name = Products;
			sourceTree = "<group>";
		};
		D10E693B2A66B74B00ECD98B /* Authorization screen */ = {
			isa = PBXGroup;
			children = (
				D10E69572A66BCD500ECD98B /* App */,
				D10E69562A66BC8000ECD98B /* Resources */,
				D10E69582A66BD3000ECD98B /* Sources */,
			);
			path = "Authorization screen";
			sourceTree = "<group>";
		};
		D10E69552A66BC6D00ECD98B /* Storyboard */ = {
			isa = PBXGroup;
			children = (
				D10E69472A66B74C00ECD98B /* LaunchScreen.storyboard */,
			);
			path = Storyboard;
			sourceTree = "<group>";
		};
		D10E69562A66BC8000ECD98B /* Resources */ = {
			isa = PBXGroup;
			children = (
				D10E69452A66B74C00ECD98B /* Assets.xcassets */,
				D10E694A2A66B74C00ECD98B /* Info.plist */,
				D10E69552A66BC6D00ECD98B /* Storyboard */,
			);
			path = Resources;
			sourceTree = "<group>";
		};
		D10E69572A66BCD500ECD98B /* App */ = {
			isa = PBXGroup;
			children = (
				D10E693C2A66B74B00ECD98B /* AppDelegate.swift */,
				D10E693E2A66B74B00ECD98B /* SceneDelegate.swift */,
			);
			path = App;
			sourceTree = "<group>";
		};
		D10E69582A66BD3000ECD98B /* Sources */ = {
			isa = PBXGroup;
			children = (
				D10E695D2A66C4F900ECD98B /* ViewModel */,
				D10E69592A66BD4900ECD98B /* Views */,
			);
			name = Sources;
			sourceTree = "<group>";
		};
		D10E69592A66BD4900ECD98B /* Views */ = {
			isa = PBXGroup;
			children = (
				D10E69602A66C55600ECD98B /* LoginView */,
				D10E695A2A66C23100ECD98B /* Model */,
			);
			name = Views;
			sourceTree = "<group>";
		};
		D10E695A2A66C23100ECD98B /* Model */ = {
			isa = PBXGroup;
			children = (
				D10E695B2A66C27400ECD98B /* UserAccount.swift */,
			);
			name = Model;
			sourceTree = "<group>";
		};
		D10E695D2A66C4F900ECD98B /* ViewModel */ = {
			isa = PBXGroup;
			children = (
				D10E69612A66C62C00ECD98B /* Bindings */,
				D10E695E2A66C52B00ECD98B /* ViewModel.swift */,
			);
			name = ViewModel;
			sourceTree = "<group>";
		};
		D10E69602A66C55600ECD98B /* LoginView */ = {
			isa = PBXGroup;
			children = (
				D10E69402A66B74B00ECD98B /* LoginController.swift */,
			);
			name = LoginView;
			sourceTree = "<group>";
		};
		D10E69612A66C62C00ECD98B /* Bindings */ = {
			isa = PBXGroup;
			children = (
				D10E69622A66C64A00ECD98B /* Dynamic.swift */,
			);
			name = Bindings;
			sourceTree = "<group>";
		};
/* End PBXGroup section */

/* Begin PBXNativeTarget section */
		D10E69382A66B74B00ECD98B /* Authorization screen */ = {
			isa = PBXNativeTarget;
			buildConfigurationList = D10E694D2A66B74C00ECD98B /* Build configuration list for PBXNativeTarget "Authorization screen" */;
			buildPhases = (
				D10E69352A66B74B00ECD98B /* Sources */,
				D10E69362A66B74B00ECD98B /* Frameworks */,
				D10E69372A66B74B00ECD98B /* Resources */,
			);
			buildRules = (
			);
			dependencies = (
			);
			name = "Authorization screen";
			productName = "Authorization screen";
			productReference = D10E69392A66B74B00ECD98B /* Authorization screen.app */;
			productType = "com.apple.product-type.application";
		};
/* End PBXNativeTarget section */

/* Begin PBXProject section */
		D10E69312A66B74B00ECD98B /* Project object */ = {
			isa = PBXProject;
			attributes = {
				BuildIndependentTargetsInParallel = 1;
				LastSwiftUpdateCheck = 1430;
				LastUpgradeCheck = 1430;
				TargetAttributes = {
					D10E69382A66B74B00ECD98B = {
						CreatedOnToolsVersion = 14.3.1;
					};
				};
			};
			buildConfigurationList = D10E69342A66B74B00ECD98B /* Build configuration list for PBXProject "Authorization screen" */;
			compatibilityVersion = "Xcode 14.0";
			developmentRegion = en;
			hasScannedForEncodings = 0;
			knownRegions = (
				en,
				Base,
			);
			mainGroup = D10E69302A66B74B00ECD98B;
			productRefGroup = D10E693A2A66B74B00ECD98B /* Products */;
			projectDirPath = "";
			projectRoot = "";
			targets = (
				D10E69382A66B74B00ECD98B /* Authorization screen */,
			);
		};
/* End PBXProject section */

/* Begin PBXResourcesBuildPhase section */
		D10E69372A66B74B00ECD98B /* Resources */ = {
			isa = PBXResourcesBuildPhase;
			buildActionMask = 2147483647;
			files = (
				D10E69492A66B74C00ECD98B /* LaunchScreen.storyboard in Resources */,
				D10E69462A66B74C00ECD98B /* Assets.xcassets in Resources */,
			);
			runOnlyForDeploymentPostprocessing = 0;
		};
/* End PBXResourcesBuildPhase section */

/* Begin PBXSourcesBuildPhase section */
		D10E69352A66B74B00ECD98B /* Sources */ = {
			isa = PBXSourcesBuildPhase;
			buildActionMask = 2147483647;
			files = (
				D10E695F2A66C52B00ECD98B /* ViewModel.swift in Sources */,
				D10E69412A66B74B00ECD98B /* LoginController.swift in Sources */,
				D10E693D2A66B74B00ECD98B /* AppDelegate.swift in Sources */,
				D10E69632A66C64A00ECD98B /* Dynamic.swift in Sources */,
				D10E693F2A66B74B00ECD98B /* SceneDelegate.swift in Sources */,
				D10E695C2A66C27400ECD98B /* UserAccount.swift in Sources */,
			);
			runOnlyForDeploymentPostprocessing = 0;
		};
/* End PBXSourcesBuildPhase section */

/* Begin PBXVariantGroup section */
		D10E69472A66B74C00ECD98B /* LaunchScreen.storyboard */ = {
			isa = PBXVariantGroup;
			children = (
				D10E69482A66B74C00ECD98B /* Base */,
			);
			name = LaunchScreen.storyboard;
			sourceTree = "<group>";
		};
/* End PBXVariantGroup section */

/* Begin XCBuildConfiguration section */
		D10E694B2A66B74C00ECD98B /* Debug */ = {
			isa = XCBuildConfiguration;
			buildSettings = {
				ALWAYS_SEARCH_USER_PATHS = NO;
				CLANG_ANALYZER_NONNULL = YES;
				CLANG_ANALYZER_NUMBER_OBJECT_CONVERSION = YES_AGGRESSIVE;
				CLANG_CXX_LANGUAGE_STANDARD = "gnu++20";
				CLANG_ENABLE_MODULES = YES;
				CLANG_ENABLE_OBJC_ARC = YES;
				CLANG_ENABLE_OBJC_WEAK = YES;
				CLANG_WARN_BLOCK_CAPTURE_AUTORELEASING = YES;
				CLANG_WARN_BOOL_CONVERSION = YES;
				CLANG_WARN_COMMA = YES;
				CLANG_WARN_CONSTANT_CONVERSION = YES;
				CLANG_WARN_DEPRECATED_OBJC_IMPLEMENTATIONS = YES;
				CLANG_WARN_DIRECT_OBJC_ISA_USAGE = YES_ERROR;
				CLANG_WARN_DOCUMENTATION_COMMENTS = YES;
				CLANG_WARN_EMPTY_BODY = YES;
				CLANG_WARN_ENUM_CONVERSION = YES;
				CLANG_WARN_INFINITE_RECURSION = YES;
				CLANG_WARN_INT_CONVERSION = YES;
				CLANG_WARN_NON_LITERAL_NULL_CONVERSION = YES;
				CLANG_WARN_OBJC_IMPLICIT_RETAIN_SELF = YES;
				CLANG_WARN_OBJC_LITERAL_CONVERSION = YES;
				CLANG_WARN_OBJC_ROOT_CLASS = YES_ERROR;
				CLANG_WARN_QUOTED_INCLUDE_IN_FRAMEWORK_HEADER = YES;
				CLANG_WARN_RANGE_LOOP_ANALYSIS = YES;
				CLANG_WARN_STRICT_PROTOTYPES = YES;
				CLANG_WARN_SUSPICIOUS_MOVE = YES;
				CLANG_WARN_UNGUARDED_AVAILABILITY = YES_AGGRESSIVE;
				CLANG_WARN_UNREACHABLE_CODE = YES;
				CLANG_WARN__DUPLICATE_METHOD_MATCH = YES;
				COPY_PHASE_STRIP = NO;
				DEBUG_INFORMATION_FORMAT = dwarf;
				ENABLE_STRICT_OBJC_MSGSEND = YES;
				ENABLE_TESTABILITY = YES;
				GCC_C_LANGUAGE_STANDARD = gnu11;
				GCC_DYNAMIC_NO_PIC = NO;
				GCC_NO_COMMON_BLOCKS = YES;
				GCC_OPTIMIZATION_LEVEL = 0;
				GCC_PREPROCESSOR_DEFINITIONS = (
					"DEBUG=1",
					"$(inherited)",
				);
				GCC_WARN_64_TO_32_BIT_CONVERSION = YES;
				GCC_WARN_ABOUT_RETURN_TYPE = YES_ERROR;
				GCC_WARN_UNDECLARED_SELECTOR = YES;
				GCC_WARN_UNINITIALIZED_AUTOS = YES_AGGRESSIVE;
				GCC_WARN_UNUSED_FUNCTION = YES;
				GCC_WARN_UNUSED_VARIABLE = YES;
				IPHONEOS_DEPLOYMENT_TARGET = 16.4;
				MTL_ENABLE_DEBUG_INFO = INCLUDE_SOURCE;
				MTL_FAST_MATH = YES;
				ONLY_ACTIVE_ARCH = YES;
				SDKROOT = iphoneos;
				SWIFT_ACTIVE_COMPILATION_CONDITIONS = DEBUG;
				SWIFT_OPTIMIZATION_LEVEL = "-Onone";
			};
			name = Debug;
		};
		D10E694C2A66B74C00ECD98B /* Release */ = {
			isa = XCBuildConfiguration;
			buildSettings = {
				ALWAYS_SEARCH_USER_PATHS = NO;
				CLANG_ANALYZER_NONNULL = YES;
				CLANG_ANALYZER_NUMBER_OBJECT_CONVERSION = YES_AGGRESSIVE;
				CLANG_CXX_LANGUAGE_STANDARD = "gnu++20";
				CLANG_ENABLE_MODULES = YES;
				CLANG_ENABLE_OBJC_ARC = YES;
				CLANG_ENABLE_OBJC_WEAK = YES;
				CLANG_WARN_BLOCK_CAPTURE_AUTORELEASING = YES;
				CLANG_WARN_BOOL_CONVERSION = YES;
				CLANG_WARN_COMMA = YES;
				CLANG_WARN_CONSTANT_CONVERSION = YES;
				CLANG_WARN_DEPRECATED_OBJC_IMPLEMENTATIONS = YES;
				CLANG_WARN_DIRECT_OBJC_ISA_USAGE = YES_ERROR;
				CLANG_WARN_DOCUMENTATION_COMMENTS = YES;
				CLANG_WARN_EMPTY_BODY = YES;
				CLANG_WARN_ENUM_CONVERSION = YES;
				CLANG_WARN_INFINITE_RECURSION = YES;
				CLANG_WARN_INT_CONVERSION = YES;
				CLANG_WARN_NON_LITERAL_NULL_CONVERSION = YES;
				CLANG_WARN_OBJC_IMPLICIT_RETAIN_SELF = YES;
				CLANG_WARN_OBJC_LITERAL_CONVERSION = YES;
				CLANG_WARN_OBJC_ROOT_CLASS = YES_ERROR;
				CLANG_WARN_QUOTED_INCLUDE_IN_FRAMEWORK_HEADER = YES;
				CLANG_WARN_RANGE_LOOP_ANALYSIS = YES;
				CLANG_WARN_STRICT_PROTOTYPES = YES;
				CLANG_WARN_SUSPICIOUS_MOVE = YES;
				CLANG_WARN_UNGUARDED_AVAILABILITY = YES_AGGRESSIVE;
				CLANG_WARN_UNREACHABLE_CODE = YES;
				CLANG_WARN__DUPLICATE_METHOD_MATCH = YES;
				COPY_PHASE_STRIP = NO;
				DEBUG_INFORMATION_FORMAT = "dwarf-with-dsym";
				ENABLE_NS_ASSERTIONS = NO;
				ENABLE_STRICT_OBJC_MSGSEND = YES;
				GCC_C_LANGUAGE_STANDARD = gnu11;
				GCC_NO_COMMON_BLOCKS = YES;
				GCC_WARN_64_TO_32_BIT_CONVERSION = YES;
				GCC_WARN_ABOUT_RETURN_TYPE = YES_ERROR;
				GCC_WARN_UNDECLARED_SELECTOR = YES;
				GCC_WARN_UNINITIALIZED_AUTOS = YES_AGGRESSIVE;
				GCC_WARN_UNUSED_FUNCTION = YES;
				GCC_WARN_UNUSED_VARIABLE = YES;
				IPHONEOS_DEPLOYMENT_TARGET = 16.4;
				MTL_ENABLE_DEBUG_INFO = NO;
				MTL_FAST_MATH = YES;
				SDKROOT = iphoneos;
				SWIFT_COMPILATION_MODE = wholemodule;
				SWIFT_OPTIMIZATION_LEVEL = "-O";
				VALIDATE_PRODUCT = YES;
			};
			name = Release;
		};
		D10E694E2A66B74C00ECD98B /* Debug */ = {
			isa = XCBuildConfiguration;
			buildSettings = {
				ASSETCATALOG_COMPILER_APPICON_NAME = AppIcon;
				ASSETCATALOG_COMPILER_GLOBAL_ACCENT_COLOR_NAME = AccentColor;
				CODE_SIGN_STYLE = Automatic;
				CURRENT_PROJECT_VERSION = 1;
				DEVELOPMENT_TEAM = 6XZKA4BJLF;
				GENERATE_INFOPLIST_FILE = YES;
				INFOPLIST_FILE = "Authorization screen/Resources/Info.plist";
				INFOPLIST_KEY_UIApplicationSupportsIndirectInputEvents = YES;
				INFOPLIST_KEY_UILaunchStoryboardName = LaunchScreen;
				INFOPLIST_KEY_UISupportedInterfaceOrientations_iPad = "UIInterfaceOrientationPortrait UIInterfaceOrientationPortraitUpsideDown UIInterfaceOrientationLandscapeLeft UIInterfaceOrientationLandscapeRight";
				INFOPLIST_KEY_UISupportedInterfaceOrientations_iPhone = "UIInterfaceOrientationPortrait UIInterfaceOrientationLandscapeLeft UIInterfaceOrientationLandscapeRight";
				IPHONEOS_DEPLOYMENT_TARGET = 15.0;
				LD_RUNPATH_SEARCH_PATHS = (
					"$(inherited)",
					"@executable_path/Frameworks",
				);
				MARKETING_VERSION = 1.0;
				PRODUCT_BUNDLE_IDENTIFIER = "com.my.Authorization-screen";
				PRODUCT_NAME = "$(TARGET_NAME)";
				SWIFT_EMIT_LOC_STRINGS = YES;
				SWIFT_VERSION = 5.0;
				TARGETED_DEVICE_FAMILY = "1,2";
			};
			name = Debug;
		};
		D10E694F2A66B74C00ECD98B /* Release */ = {
			isa = XCBuildConfiguration;
			buildSettings = {
				ASSETCATALOG_COMPILER_APPICON_NAME = AppIcon;
				ASSETCATALOG_COMPILER_GLOBAL_ACCENT_COLOR_NAME = AccentColor;
				CODE_SIGN_STYLE = Automatic;
				CURRENT_PROJECT_VERSION = 1;
				DEVELOPMENT_TEAM = 6XZKA4BJLF;
				GENERATE_INFOPLIST_FILE = YES;
				INFOPLIST_FILE = "Authorization screen/Resources/Info.plist";
				INFOPLIST_KEY_UIApplicationSupportsIndirectInputEvents = YES;
				INFOPLIST_KEY_UILaunchStoryboardName = LaunchScreen;
				INFOPLIST_KEY_UISupportedInterfaceOrientations_iPad = "UIInterfaceOrientationPortrait UIInterfaceOrientationPortraitUpsideDown UIInterfaceOrientationLandscapeLeft UIInterfaceOrientationLandscapeRight";
				INFOPLIST_KEY_UISupportedInterfaceOrientations_iPhone = "UIInterfaceOrientationPortrait UIInterfaceOrientationLandscapeLeft UIInterfaceOrientationLandscapeRight";
				IPHONEOS_DEPLOYMENT_TARGET = 15.0;
				LD_RUNPATH_SEARCH_PATHS = (
					"$(inherited)",
					"@executable_path/Frameworks",
				);
				MARKETING_VERSION = 1.0;
				PRODUCT_BUNDLE_IDENTIFIER = "com.my.Authorization-screen";
				PRODUCT_NAME = "$(TARGET_NAME)";
				SWIFT_EMIT_LOC_STRINGS = YES;
				SWIFT_VERSION = 5.0;
				TARGETED_DEVICE_FAMILY = "1,2";
			};
			name = Release;
		};
/* End XCBuildConfiguration section */

/* Begin XCConfigurationList section */
		D10E69342A66B74B00ECD98B /* Build configuration list for PBXProject "Authorization screen" */ = {
			isa = XCConfigurationList;
			buildConfigurations = (
				D10E694B2A66B74C00ECD98B /* Debug */,
				D10E694C2A66B74C00ECD98B /* Release */,
			);
			defaultConfigurationIsVisible = 0;
			defaultConfigurationName = Release;
		};
		D10E694D2A66B74C00ECD98B /* Build configuration list for PBXNativeTarget "Authorization screen" */ = {
			isa = XCConfigurationList;
			buildConfigurations = (
				D10E694E2A66B74C00ECD98B /* Debug */,
				D10E694F2A66B74C00ECD98B /* Release */,
			);
			defaultConfigurationIsVisible = 0;
			defaultConfigurationName = Release;
		};
/* End XCConfigurationList section */
	};
	rootObject = D10E69312A66B74B00ECD98B /* Project object */;
}
